// !$*UTF8*$!
{
	archiveVersion = 1;
	classes = {
	};
	objectVersion = 56;
	objects = {

/* Begin PBXBuildFile section */
		9D54555F2B08FE3700EDC830 /* Pods_Days.framework in Frameworks */ = {isa = PBXBuildFile; fileRef = 21718EE446D4F7FAE49B70DB /* Pods_Days.framework */; };
		9D5455602B08FE3700EDC830 /* Pods_Days.framework in Embed Frameworks */ = {isa = PBXBuildFile; fileRef = 21718EE446D4F7FAE49B70DB /* Pods_Days.framework */; settings = {ATTRIBUTES = (CodeSignOnCopy, RemoveHeadersOnCopy, ); }; };
		9D97155C2B08FD8A0025EF98 /* AppDelegate.swift in Sources */ = {isa = PBXBuildFile; fileRef = 9D97155B2B08FD8A0025EF98 /* AppDelegate.swift */; };
		9D97155E2B08FD8A0025EF98 /* SceneDelegate.swift in Sources */ = {isa = PBXBuildFile; fileRef = 9D97155D2B08FD8A0025EF98 /* SceneDelegate.swift */; };
		9D9715602B08FD8A0025EF98 /* ViewController.swift in Sources */ = {isa = PBXBuildFile; fileRef = 9D97155F2B08FD8A0025EF98 /* ViewController.swift */; };
		9D9715632B08FD8A0025EF98 /* Main.storyboard in Resources */ = {isa = PBXBuildFile; fileRef = 9D9715612B08FD8A0025EF98 /* Main.storyboard */; };
		9D9715652B08FD8B0025EF98 /* Assets.xcassets in Resources */ = {isa = PBXBuildFile; fileRef = 9D9715642B08FD8B0025EF98 /* Assets.xcassets */; };
		9D9715682B08FD8B0025EF98 /* LaunchScreen.storyboard in Resources */ = {isa = PBXBuildFile; fileRef = 9D9715662B08FD8B0025EF98 /* LaunchScreen.storyboard */; };
/* End PBXBuildFile section */

/* Begin PBXCopyFilesBuildPhase section */
		9D5455612B08FE3700EDC830 /* Embed Frameworks */ = {
			isa = PBXCopyFilesBuildPhase;
			buildActionMask = 2147483647;
			dstPath = "";
			dstSubfolderSpec = 10;
			files = (
				9D5455602B08FE3700EDC830 /* Pods_Days.framework in Embed Frameworks */,
			);
			name = "Embed Frameworks";
			runOnlyForDeploymentPostprocessing = 0;
		};
/* End PBXCopyFilesBuildPhase section */

/* Begin PBXFileReference section */
		21718EE446D4F7FAE49B70DB /* Pods_Days.framework */ = {isa = PBXFileReference; explicitFileType = wrapper.framework; includeInIndex = 0; path = Pods_Days.framework; sourceTree = BUILT_PRODUCTS_DIR; };
		9D9715582B08FD8A0025EF98 /* Days.app */ = {isa = PBXFileReference; explicitFileType = wrapper.application; includeInIndex = 0; path = Days.app; sourceTree = BUILT_PRODUCTS_DIR; };
		9D97155B2B08FD8A0025EF98 /* AppDelegate.swift */ = {isa = PBXFileReference; lastKnownFileType = sourcecode.swift; path = AppDelegate.swift; sourceTree = "<group>"; };
		9D97155D2B08FD8A0025EF98 /* SceneDelegate.swift */ = {isa = PBXFileReference; lastKnownFileType = sourcecode.swift; path = SceneDelegate.swift; sourceTree = "<group>"; };
		9D97155F2B08FD8A0025EF98 /* ViewController.swift */ = {isa = PBXFileReference; lastKnownFileType = sourcecode.swift; path = ViewController.swift; sourceTree = "<group>"; };
		9D9715622B08FD8A0025EF98 /* Base */ = {isa = PBXFileReference; lastKnownFileType = file.storyboard; name = Base; path = Base.lproj/Main.storyboard; sourceTree = "<group>"; };
		9D9715642B08FD8B0025EF98 /* Assets.xcassets */ = {isa = PBXFileReference; lastKnownFileType = folder.assetcatalog; path = Assets.xcassets; sourceTree = "<group>"; };
		9D9715672B08FD8B0025EF98 /* Base */ = {isa = PBXFileReference; lastKnownFileType = file.storyboard; name = Base; path = Base.lproj/LaunchScreen.storyboard; sourceTree = "<group>"; };
		9D9715692B08FD8B0025EF98 /* Info.plist */ = {isa = PBXFileReference; lastKnownFileType = text.plist.xml; path = Info.plist; sourceTree = "<group>"; };
		E3BBE48DB0B5FC1B1FE22E85 /* Pods-Days.debug.xcconfig */ = {isa = PBXFileReference; includeInIndex = 1; lastKnownFileType = text.xcconfig; name = "Pods-Days.debug.xcconfig"; path = "Target Support Files/Pods-Days/Pods-Days.debug.xcconfig"; sourceTree = "<group>"; };
		EC1D9650FF02875C9B30C43B /* Pods-Days.release.xcconfig */ = {isa = PBXFileReference; includeInIndex = 1; lastKnownFileType = text.xcconfig; name = "Pods-Days.release.xcconfig"; path = "Target Support Files/Pods-Days/Pods-Days.release.xcconfig"; sourceTree = "<group>"; };
/* End PBXFileReference section */

/* Begin PBXFrameworksBuildPhase section */
		9D9715552B08FD8A0025EF98 /* Frameworks */ = {
			isa = PBXFrameworksBuildPhase;
			buildActionMask = 2147483647;
			files = (
				9D54555F2B08FE3700EDC830 /* Pods_Days.framework in Frameworks */,
			);
			runOnlyForDeploymentPostprocessing = 0;
		};
/* End PBXFrameworksBuildPhase section */

/* Begin PBXGroup section */
		1F69DE1BEA6678AB0D331395 /* Frameworks */ = {
			isa = PBXGroup;
			children = (
				21718EE446D4F7FAE49B70DB /* Pods_Days.framework */,
			);
			name = Frameworks;
			sourceTree = "<group>";
		};
		9D97154F2B08FD8A0025EF98 = {
			isa = PBXGroup;
			children = (
				9D97155A2B08FD8A0025EF98 /* Days */,
				9D9715592B08FD8A0025EF98 /* Products */,
				E0C5BEFE9015A89C1997C136 /* Pods */,
				1F69DE1BEA6678AB0D331395 /* Frameworks */,
			);
			sourceTree = "<group>";
		};
		9D9715592B08FD8A0025EF98 /* Products */ = {
			isa = PBXGroup;
			children = (
				9D9715582B08FD8A0025EF98 /* Days.app */,
			);
			name = Products;
			sourceTree = "<group>";
		};
		9D97155A2B08FD8A0025EF98 /* Days */ = {
			isa = PBXGroup;
			children = (
				9D97155B2B08FD8A0025EF98 /* AppDelegate.swift */,
				9D97155D2B08FD8A0025EF98 /* SceneDelegate.swift */,
				9D97155F2B08FD8A0025EF98 /* ViewController.swift */,
				9D9715612B08FD8A0025EF98 /* Main.storyboard */,
				9D9715642B08FD8B0025EF98 /* Assets.xcassets */,
				9D9715662B08FD8B0025EF98 /* LaunchScreen.storyboard */,
				9D9715692B08FD8B0025EF98 /* Info.plist */,
			);
			path = Days;
			sourceTree = "<group>";
		};
		E0C5BEFE9015A89C1997C136 /* Pods */ = {
			isa = PBXGroup;
			children = (
				E3BBE48DB0B5FC1B1FE22E85 /* Pods-Days.debug.xcconfig */,
				EC1D9650FF02875C9B30C43B /* Pods-Days.release.xcconfig */,
			);
			path = Pods;
			sourceTree = "<group>";
		};
/* End PBXGroup section */

/* Begin PBXNativeTarget section */
		9D9715572B08FD8A0025EF98 /* Days */ = {
			isa = PBXNativeTarget;
			buildConfigurationList = 9D97156C2B08FD8B0025EF98 /* Build configuration list for PBXNativeTarget "Days" */;
			buildPhases = (
				4B89A6D8EAA8B662B2F4542F /* [CP] Check Pods Manifest.lock */,
				9D9715542B08FD8A0025EF98 /* Sources */,
				9D9715552B08FD8A0025EF98 /* Frameworks */,
				9D9715562B08FD8A0025EF98 /* Resources */,
				DBE5040E580DF72D96974F5A /* [CP] Embed Pods Frameworks */,
				9D5455612B08FE3700EDC830 /* Embed Frameworks */,
			);
			buildRules = (
			);
			dependencies = (
			);
			name = Days;
			productName = Days;
			productReference = 9D9715582B08FD8A0025EF98 /* Days.app */;
			productType = "com.apple.product-type.application";
		};
/* End PBXNativeTarget section */

/* Begin PBXProject section */
		9D9715502B08FD8A0025EF98 /* Project object */ = {
			isa = PBXProject;
			attributes = {
				BuildIndependentTargetsInParallel = 1;
				LastSwiftUpdateCheck = 1500;
				LastUpgradeCheck = 1500;
				TargetAttributes = {
					9D9715572B08FD8A0025EF98 = {
						CreatedOnToolsVersion = 15.0.1;
					};
				};
			};
			buildConfigurationList = 9D9715532B08FD8A0025EF98 /* Build configuration list for PBXProject "Days" */;
			compatibilityVersion = "Xcode 14.0";
			developmentRegion = en;
			hasScannedForEncodings = 0;
			knownRegions = (
				en,
				Base,
			);
			mainGroup = 9D97154F2B08FD8A0025EF98;
			productRefGroup = 9D9715592B08FD8A0025EF98 /* Products */;
			projectDirPath = "";
			projectRoot = "";
			targets = (
				9D9715572B08FD8A0025EF98 /* Days */,
			);
		};
/* End PBXProject section */

/* Begin PBXResourcesBuildPhase section */
		9D9715562B08FD8A0025EF98 /* Resources */ = {
			isa = PBXResourcesBuildPhase;
			buildActionMask = 2147483647;
			files = (
				9D9715682B08FD8B0025EF98 /* LaunchScreen.storyboard in Resources */,
				9D9715652B08FD8B0025EF98 /* Assets.xcassets in Resources */,
				9D9715632B08FD8A0025EF98 /* Main.storyboard in Resources */,
			);
			runOnlyForDeploymentPostprocessing = 0;
		};
/* End PBXResourcesBuildPhase section */

/* Begin PBXShellScriptBuildPhase section */
		4B89A6D8EAA8B662B2F4542F /* [CP] Check Pods Manifest.lock */ = {
			isa = PBXShellScriptBuildPhase;
			buildActionMask = 2147483647;
			files = (
			);
			inputFileListPaths = (
			);
			inputPaths = (
				"${PODS_PODFILE_DIR_PATH}/Podfile.lock",
				"${PODS_ROOT}/Manifest.lock",
			);
			name = "[CP] Check Pods Manifest.lock";
			outputFileListPaths = (
			);
			outputPaths = (
				"$(DERIVED_FILE_DIR)/Pods-Days-checkManifestLockResult.txt",
			);
			runOnlyForDeploymentPostprocessing = 0;
			shellPath = /bin/sh;
			shellScript = "diff \"${PODS_PODFILE_DIR_PATH}/Podfile.lock\" \"${PODS_ROOT}/Manifest.lock\" > /dev/null\nif [ $? != 0 ] ; then\n    # print error to STDERR\n    echo \"error: The sandbox is not in sync with the Podfile.lock. Run 'pod install' or update your CocoaPods installation.\" >&2\n    exit 1\nfi\n# This output is used by Xcode 'outputs' to avoid re-running this script phase.\necho \"SUCCESS\" > \"${SCRIPT_OUTPUT_FILE_0}\"\n";
			showEnvVarsInLog = 0;
		};
		DBE5040E580DF72D96974F5A /* [CP] Embed Pods Frameworks */ = {
			isa = PBXShellScriptBuildPhase;
			buildActionMask = 2147483647;
			files = (
			);
			inputFileListPaths = (
				"${PODS_ROOT}/Target Support Files/Pods-Days/Pods-Days-frameworks-${CONFIGURATION}-input-files.xcfilelist",
			);
			name = "[CP] Embed Pods Frameworks";
			outputFileListPaths = (
				"${PODS_ROOT}/Target Support Files/Pods-Days/Pods-Days-frameworks-${CONFIGURATION}-output-files.xcfilelist",
			);
			runOnlyForDeploymentPostprocessing = 0;
			shellPath = /bin/sh;
			shellScript = "\"${PODS_ROOT}/Target Support Files/Pods-Days/Pods-Days-frameworks.sh\"\n";
			showEnvVarsInLog = 0;
		};
/* End PBXShellScriptBuildPhase section */

/* Begin PBXSourcesBuildPhase section */
		9D9715542B08FD8A0025EF98 /* Sources */ = {
			isa = PBXSourcesBuildPhase;
			buildActionMask = 2147483647;
			files = (
				9D9715602B08FD8A0025EF98 /* ViewController.swift in Sources */,
				9D97155C2B08FD8A0025EF98 /* AppDelegate.swift in Sources */,
				9D97155E2B08FD8A0025EF98 /* SceneDelegate.swift in Sources */,
			);
			runOnlyForDeploymentPostprocessing = 0;
		};
/* End PBXSourcesBuildPhase section */

/* Begin PBXVariantGroup section */
		9D9715612B08FD8A0025EF98 /* Main.storyboard */ = {
			isa = PBXVariantGroup;
			children = (
				9D9715622B08FD8A0025EF98 /* Base */,
			);
			name = Main.storyboard;
			sourceTree = "<group>";
		};
		9D9715662B08FD8B0025EF98 /* LaunchScreen.storyboard */ = {
			isa = PBXVariantGroup;
			children = (
				9D9715672B08FD8B0025EF98 /* Base */,
			);
			name = LaunchScreen.storyboard;
			sourceTree = "<group>";
		};
/* End PBXVariantGroup section */

/* Begin XCBuildConfiguration section */
		9D97156A2B08FD8B0025EF98 /* Debug */ = {
			isa = XCBuildConfiguration;
			buildSettings = {
				ALWAYS_SEARCH_USER_PATHS = NO;
				ASSETCATALOG_COMPILER_GENERATE_SWIFT_ASSET_SYMBOL_EXTENSIONS = YES;
				CLANG_ANALYZER_NONNULL = YES;
				CLANG_ANALYZER_NUMBER_OBJECT_CONVERSION = YES_AGGRESSIVE;
				CLANG_CXX_LANGUAGE_STANDARD = "gnu++20";
				CLANG_ENABLE_MODULES = YES;
				CLANG_ENABLE_OBJC_ARC = YES;
				CLANG_ENABLE_OBJC_WEAK = YES;
				CLANG_WARN_BLOCK_CAPTURE_AUTORELEASING = YES;
				CLANG_WARN_BOOL_CONVERSION = YES;
				CLANG_WARN_COMMA = YES;
				CLANG_WARN_CONSTANT_CONVERSION = YES;
				CLANG_WARN_DEPRECATED_OBJC_IMPLEMENTATIONS = YES;
				CLANG_WARN_DIRECT_OBJC_ISA_USAGE = YES_ERROR;
				CLANG_WARN_DOCUMENTATION_COMMENTS = YES;
				CLANG_WARN_EMPTY_BODY = YES;
				CLANG_WARN_ENUM_CONVERSION = YES;
				CLANG_WARN_INFINITE_RECURSION = YES;
				CLANG_WARN_INT_CONVERSION = YES;
				CLANG_WARN_NON_LITERAL_NULL_CONVERSION = YES;
				CLANG_WARN_OBJC_IMPLICIT_RETAIN_SELF = YES;
				CLANG_WARN_OBJC_LITERAL_CONVERSION = YES;
				CLANG_WARN_OBJC_ROOT_CLASS = YES_ERROR;
				CLANG_WARN_QUOTED_INCLUDE_IN_FRAMEWORK_HEADER = YES;
				CLANG_WARN_RANGE_LOOP_ANALYSIS = YES;
				CLANG_WARN_STRICT_PROTOTYPES = YES;
				CLANG_WARN_SUSPICIOUS_MOVE = YES;
				CLANG_WARN_UNGUARDED_AVAILABILITY = YES_AGGRESSIVE;
				CLANG_WARN_UNREACHABLE_CODE = YES;
				CLANG_WARN__DUPLICATE_METHOD_MATCH = YES;
				COPY_PHASE_STRIP = NO;
				DEBUG_INFORMATION_FORMAT = dwarf;
				ENABLE_STRICT_OBJC_MSGSEND = YES;
				ENABLE_TESTABILITY = YES;
				ENABLE_USER_SCRIPT_SANDBOXING = YES;
				GCC_C_LANGUAGE_STANDARD = gnu17;
				GCC_DYNAMIC_NO_PIC = NO;
				GCC_NO_COMMON_BLOCKS = YES;
				GCC_OPTIMIZATION_LEVEL = 0;
				GCC_PREPROCESSOR_DEFINITIONS = (
					"DEBUG=1",
					"$(inherited)",
				);
				GCC_WARN_64_TO_32_BIT_CONVERSION = YES;
				GCC_WARN_ABOUT_RETURN_TYPE = YES_ERROR;
				GCC_WARN_UNDECLARED_SELECTOR = YES;
				GCC_WARN_UNINITIALIZED_AUTOS = YES_AGGRESSIVE;
				GCC_WARN_UNUSED_FUNCTION = YES;
				GCC_WARN_UNUSED_VARIABLE = YES;
				IPHONEOS_DEPLOYMENT_TARGET = 17.0;
				LOCALIZATION_PREFERS_STRING_CATALOGS = YES;
				MTL_ENABLE_DEBUG_INFO = INCLUDE_SOURCE;
				MTL_FAST_MATH = YES;
				ONLY_ACTIVE_ARCH = YES;
				SDKROOT = iphoneos;
				SWIFT_ACTIVE_COMPILATION_CONDITIONS = "DEBUG $(inherited)";
				SWIFT_OPTIMIZATION_LEVEL = "-Onone";
			};
			name = Debug;
		};
		9D97156B2B08FD8B0025EF98 /* Release */ = {
			isa = XCBuildConfiguration;
			buildSettings = {
				ALWAYS_SEARCH_USER_PATHS = NO;
				ASSETCATALOG_COMPILER_GENERATE_SWIFT_ASSET_SYMBOL_EXTENSIONS = YES;
				CLANG_ANALYZER_NONNULL = YES;
				CLANG_ANALYZER_NUMBER_OBJECT_CONVERSION = YES_AGGRESSIVE;
				CLANG_CXX_LANGUAGE_STANDARD = "gnu++20";
				CLANG_ENABLE_MODULES = YES;
				CLANG_ENABLE_OBJC_ARC = YES;
				CLANG_ENABLE_OBJC_WEAK = YES;
				CLANG_WARN_BLOCK_CAPTURE_AUTORELEASING = YES;
				CLANG_WARN_BOOL_CONVERSION = YES;
				CLANG_WARN_COMMA = YES;
				CLANG_WARN_CONSTANT_CONVERSION = YES;
				CLANG_WARN_DEPRECATED_OBJC_IMPLEMENTATIONS = YES;
				CLANG_WARN_DIRECT_OBJC_ISA_USAGE = YES_ERROR;
				CLANG_WARN_DOCUMENTATION_COMMENTS = YES;
				CLANG_WARN_EMPTY_BODY = YES;
				CLANG_WARN_ENUM_CONVERSION = YES;
				CLANG_WARN_INFINITE_RECURSION = YES;
				CLANG_WARN_INT_CONVERSION = YES;
				CLANG_WARN_NON_LITERAL_NULL_CONVERSION = YES;
				CLANG_WARN_OBJC_IMPLICIT_RETAIN_SELF = YES;
				CLANG_WARN_OBJC_LITERAL_CONVERSION = YES;
				CLANG_WARN_OBJC_ROOT_CLASS = YES_ERROR;
				CLANG_WARN_QUOTED_INCLUDE_IN_FRAMEWORK_HEADER = YES;
				CLANG_WARN_RANGE_LOOP_ANALYSIS = YES;
				CLANG_WARN_STRICT_PROTOTYPES = YES;
				CLANG_WARN_SUSPICIOUS_MOVE = YES;
				CLANG_WARN_UNGUARDED_AVAILABILITY = YES_AGGRESSIVE;
				CLANG_WARN_UNREACHABLE_CODE = YES;
				CLANG_WARN__DUPLICATE_METHOD_MATCH = YES;
				COPY_PHASE_STRIP = NO;
				DEBUG_INFORMATION_FORMAT = "dwarf-with-dsym";
				ENABLE_NS_ASSERTIONS = NO;
				ENABLE_STRICT_OBJC_MSGSEND = YES;
				ENABLE_USER_SCRIPT_SANDBOXING = YES;
				GCC_C_LANGUAGE_STANDARD = gnu17;
				GCC_NO_COMMON_BLOCKS = YES;
				GCC_WARN_64_TO_32_BIT_CONVERSION = YES;
				GCC_WARN_ABOUT_RETURN_TYPE = YES_ERROR;
				GCC_WARN_UNDECLARED_SELECTOR = YES;
				GCC_WARN_UNINITIALIZED_AUTOS = YES_AGGRESSIVE;
				GCC_WARN_UNUSED_FUNCTION = YES;
				GCC_WARN_UNUSED_VARIABLE = YES;
				IPHONEOS_DEPLOYMENT_TARGET = 17.0;
				LOCALIZATION_PREFERS_STRING_CATALOGS = YES;
				MTL_ENABLE_DEBUG_INFO = NO;
				MTL_FAST_MATH = YES;
				SDKROOT = iphoneos;
				SWIFT_COMPILATION_MODE = wholemodule;
				VALIDATE_PRODUCT = YES;
			};
			name = Release;
		};
		9D97156D2B08FD8B0025EF98 /* Debug */ = {
			isa = XCBuildConfiguration;
			baseConfigurationReference = E3BBE48DB0B5FC1B1FE22E85 /* Pods-Days.debug.xcconfig */;
			buildSettings = {
				ASSETCATALOG_COMPILER_APPICON_NAME = AppIcon;
				ASSETCATALOG_COMPILER_GLOBAL_ACCENT_COLOR_NAME = AccentColor;
				CODE_SIGN_STYLE = Automatic;
				CURRENT_PROJECT_VERSION = 1;
				ENABLE_USER_SCRIPT_SANDBOXING = NO;
				GENERATE_INFOPLIST_FILE = YES;
				INFOPLIST_FILE = Days/Info.plist;
				INFOPLIST_KEY_UIApplicationSupportsIndirectInputEvents = YES;
				INFOPLIST_KEY_UILaunchStoryboardName = LaunchScreen;
				INFOPLIST_KEY_UIMainStoryboardFile = Main;
				INFOPLIST_KEY_UISupportedInterfaceOrientations_iPad = "UIInterfaceOrientationPortrait UIInterfaceOrientationPortraitUpsideDown UIInterfaceOrientationLandscapeLeft UIInterfaceOrientationLandscapeRight";
				INFOPLIST_KEY_UISupportedInterfaceOrientations_iPhone = "UIInterfaceOrientationPortrait UIInterfaceOrientationLandscapeLeft UIInterfaceOrientationLandscapeRight";
				LD_RUNPATH_SEARCH_PATHS = (
					"$(inherited)",
					"@executable_path/Frameworks",
				);
				MARKETING_VERSION = 1.0;
				PRODUCT_BUNDLE_IDENTIFIER = ParkSeHyeon.Days;
				PRODUCT_NAME = "$(TARGET_NAME)";
				SWIFT_EMIT_LOC_STRINGS = YES;
				SWIFT_VERSION = 5.0;
				TARGETED_DEVICE_FAMILY = "1,2";
			};
			name = Debug;
		};
		9D97156E2B08FD8B0025EF98 /* Release */ = {
			isa = XCBuildConfiguration;
			baseConfigurationReference = EC1D9650FF02875C9B30C43B /* Pods-Days.release.xcconfig */;
			buildSettings = {
				ASSETCATALOG_COMPILER_APPICON_NAME = AppIcon;
				ASSETCATALOG_COMPILER_GLOBAL_ACCENT_COLOR_NAME = AccentColor;
				CODE_SIGN_STYLE = Automatic;
				CURRENT_PROJECT_VERSION = 1;
				ENABLE_USER_SCRIPT_SANDBOXING = NO;
				GENERATE_INFOPLIST_FILE = YES;
				INFOPLIST_FILE = Days/Info.plist;
				INFOPLIST_KEY_UIApplicationSupportsIndirectInputEvents = YES;
				INFOPLIST_KEY_UILaunchStoryboardName = LaunchScreen;
				INFOPLIST_KEY_UIMainStoryboardFile = Main;
				INFOPLIST_KEY_UISupportedInterfaceOrientations_iPad = "UIInterfaceOrientationPortrait UIInterfaceOrientationPortraitUpsideDown UIInterfaceOrientationLandscapeLeft UIInterfaceOrientationLandscapeRight";
				INFOPLIST_KEY_UISupportedInterfaceOrientations_iPhone = "UIInterfaceOrientationPortrait UIInterfaceOrientationLandscapeLeft UIInterfaceOrientationLandscapeRight";
				LD_RUNPATH_SEARCH_PATHS = (
					"$(inherited)",
					"@executable_path/Frameworks",
				);
				MARKETING_VERSION = 1.0;
				PRODUCT_BUNDLE_IDENTIFIER = ParkSeHyeon.Days;
				PRODUCT_NAME = "$(TARGET_NAME)";
				SWIFT_EMIT_LOC_STRINGS = YES;
				SWIFT_VERSION = 5.0;
				TARGETED_DEVICE_FAMILY = "1,2";
			};
			name = Release;
		};
/* End XCBuildConfiguration section */

/* Begin XCConfigurationList section */
		9D9715532B08FD8A0025EF98 /* Build configuration list for PBXProject "Days" */ = {
			isa = XCConfigurationList;
			buildConfigurations = (
				9D97156A2B08FD8B0025EF98 /* Debug */,
				9D97156B2B08FD8B0025EF98 /* Release */,
			);
			defaultConfigurationIsVisible = 0;
			defaultConfigurationName = Release;
		};
		9D97156C2B08FD8B0025EF98 /* Build configuration list for PBXNativeTarget "Days" */ = {
			isa = XCConfigurationList;
			buildConfigurations = (
				9D97156D2B08FD8B0025EF98 /* Debug */,
				9D97156E2B08FD8B0025EF98 /* Release */,
			);
			defaultConfigurationIsVisible = 0;
			defaultConfigurationName = Release;
		};
/* End XCConfigurationList section */
	};
	rootObject = 9D9715502B08FD8A0025EF98 /* Project object */;
}
